github.com/hiscaler/gox v0.0.0-20220629052934-54366dbaee3b h1:LrdaNm0F02ENB+JE6wfxUBL1GvyzC1oCkRcgA5leLKs=
github.com/hiscaler/gox v0.0.0-20220629052934-54366dbaee3b/go.mod h1:iRF5RHS6v2n6uYqZb3LZse6H9I9U3Wz98HA/kLDW6EE=
golang.org/x/text v0.3.7 h1:olpwvP2KacW1ZWvsR7uQhoyTYvKAupfQrRGBFM352Gk=
golang.org/x/text v0.3.7/go.mod h1:u+2+/6zg+i71rQMx5EYifcz6MCKuco9NR6JIITiCfzQ=
